
Microsoft Visual Studio Solution File, Format Version 12.00
Project("{FAE04EC0-301F-11D3-BF4B-00C04F79EFBC}") = "Customer.API", "Customer.API\Customer.API.csproj", "{C63B5CD2-6FD6-44BB-A880-88ADED5FBF2C}"
EndProject
Project("{2150E333-8FDC-42A3-9474-1A3956D46DE8}") = "Customer", "Customer", "{47E563E8-0D8C-408F-A371-E69562E8E92A}"
EndProject
Project("{FAE04EC0-301F-11D3-BF4B-00C04F79EFBC}") = "Customer.Domain", "Customer.Domain\Customer.Domain.csproj", "{004C9A61-B700-4E98-84E6-889D8BB72603}"
EndProject
Project("{FAE04EC0-301F-11D3-BF4B-00C04F79EFBC}") = "Customer.Application", "Customer.Application\Customer.Application.csproj", "{3D10C047-F3DA-40DD-906C-37C9957A457C}"
EndProject
Project("{FAE04EC0-301F-11D3-BF4B-00C04F79EFBC}") = "Customer.Infrastructure", "Customer.Infrastructure\Customer.Infrastructure.csproj", "{67B28ECB-856B-4D37-BEB3-A97DB62E0DC6}"
EndProject
Project("{FAE04EC0-301F-11D3-BF4B-00C04F79EFBC}") = "Shared.Kernel", "Shared.Kernel\Shared.Kernel.csproj", "{0FB77729-F660-496F-A4DA-46ACE7EFF3A1}"
EndProject
Project("{2150E333-8FDC-42A3-9474-1A3956D46DE8}") = "src", "src", "{C7224646-8C0B-4847-B51D-6D8AF39AE477}"
EndProject
Project("{2150E333-8FDC-42A3-9474-1A3956D46DE8}") = "Gateway", "Gateway", "{1F1DDEBD-04B5-4389-AC48-205605C9F83E}"
EndProject
Project("{2150E333-8FDC-42A3-9474-1A3956D46DE8}") = "Services", "Services", "{363F5C67-F68E-4657-A358-DEDF7946BC4E}"
EndProject
Project("{2150E333-8FDC-42A3-9474-1A3956D46DE8}") = "Shared", "Shared", "{5D8282F1-9F16-4353-901C-E2F68AA9A75F}"
EndProject
Project("{FAE04EC0-301F-11D3-BF4B-00C04F79EFBC}") = "Gateway.API", "Gateway.API\Gateway.API.csproj", "{18C80CA5-D9C7-460F-B9DF-998A2BE7E6FB}"
EndProject
Project("{2150E333-8FDC-42A3-9474-1A3956D46DE8}") = "Auth", "Auth", "{DE16B46F-03EC-45A9-A92C-2000D3DB4C05}"
EndProject
Project("{FAE04EC0-301F-11D3-BF4B-00C04F79EFBC}") = "Auth.API", "Auth.API\Auth.API.csproj", "{63293419-3BD9-4970-B1AC-15FC7CBC66FD}"
EndProject
Project("{FAE04EC0-301F-11D3-BF4B-00C04F79EFBC}") = "Shared.Infrastructure", "Shared.Infrastructure\Shared.Infrastructure.csproj", "{8A8F30E0-6232-4AAF-944C-8698BA7C4EF3}"
EndProject
Project("{FAE04EC0-301F-11D3-BF4B-00C04F79EFBC}") = "Auth.Application", "Auth.Application\Auth.Application.csproj", "{F60A1D34-3A7B-4653-A4DF-008D59E90283}"
EndProject
Project("{FAE04EC0-301F-11D3-BF4B-00C04F79EFBC}") = "Auth.Infrastructure", "Auth.Infrastructure\Auth.Infrastructure.csproj", "{99E01110-703C-455E-A606-34302C09CECB}"
EndProject
Project("{FAE04EC0-301F-11D3-BF4B-00C04F79EFBC}") = "Auth.Domain", "Auth.Domain\Auth.Domain.csproj", "{3058D888-8621-4F4A-9BF0-1C4E408E7A97}"
EndProject
Project("{2150E333-8FDC-42A3-9474-1A3956D46DE8}") = "Catalog", "Catalog", "{9B75EEE0-97AE-4168-BD4F-60CB6DA59FC1}"
EndProject
Project("{FAE04EC0-301F-11D3-BF4B-00C04F79EFBC}") = "Catalog.API", "Catalog.API\Catalog.API.csproj", "{9C30C438-766D-4010-8875-AA3851E4BC5B}"
EndProject
Project("{FAE04EC0-301F-11D3-BF4B-00C04F79EFBC}") = "Catalog.Application", "Catalog.Application\Catalog.Application.csproj", "{7D0379E2-3AEC-4B90-97F5-51321C4378F8}"
EndProject
Project("{FAE04EC0-301F-11D3-BF4B-00C04F79EFBC}") = "Catalog.Infrastructure", "Catalog.Infrastructure\Catalog.Infrastructure.csproj", "{FA61E33F-8EE9-49DC-A0D1-D6A9DEA1D313}"
EndProject
Project("{FAE04EC0-301F-11D3-BF4B-00C04F79EFBC}") = "Catalog.Domain", "Catalog.Domain\Catalog.Domain.csproj", "{1708E2F0-22A6-4FDE-90A6-0FDCE6D56C30}"
EndProject
Project("{2150E333-8FDC-42A3-9474-1A3956D46DE8}") = "Billing", "Billing", "{FCC2CCAA-5AFB-41FF-BD6F-28D5F932DC92}"
EndProject
Project("{FAE04EC0-301F-11D3-BF4B-00C04F79EFBC}") = "Billing.API", "Billing.API\Billing.API.csproj", "{81B2B241-569E-47EF-AFDA-2CBF21D29BF1}"
EndProject
Project("{FAE04EC0-301F-11D3-BF4B-00C04F79EFBC}") = "Billing.Infrastructure", "Billing.Infrastructure\Billing.Infrastructure.csproj", "{D7FE4495-D2A4-4BB2-902E-FF0BA6AD4CC6}"
EndProject
Project("{FAE04EC0-301F-11D3-BF4B-00C04F79EFBC}") = "Billing.Application", "Billing.Application\Billing.Application.csproj", "{7F874D48-0C70-42A9-A6CE-BB9D09129F2E}"
EndProject
Project("{FAE04EC0-301F-11D3-BF4B-00C04F79EFBC}") = "Billing.Domain", "Billing.Domain\Billing.Domain.csproj", "{F8C8604C-AF3F-4EFE-A484-F1A522F9818E}"
EndProject
Project("{2150E333-8FDC-42A3-9474-1A3956D46DE8}") = "PaymentLink", "PaymentLink", "{6D804288-0B05-4FCB-B8D4-80D99F797180}"
EndProject
Project("{FAE04EC0-301F-11D3-BF4B-00C04F79EFBC}") = "PaymentLink.Domain", "PaymentLink.Domain\PaymentLink.Domain.csproj", "{9B4E35D6-3E64-468D-8C02-35A9E857E0EB}"
EndProject
Project("{FAE04EC0-301F-11D3-BF4B-00C04F79EFBC}") = "PaymentLink.Application", "PaymentLink.Application\PaymentLink.Application.csproj", "{D90AA72F-D62B-4C60-A047-741C50B0187C}"
EndProject
Project("{FAE04EC0-301F-11D3-BF4B-00C04F79EFBC}") = "PaymentLink.API", "PaymentLink.API\PaymentLink.API.csproj", "{89BACE4F-688D-4005-A84A-2D6D3B90733A}"
EndProject
Project("{FAE04EC0-301F-11D3-BF4B-00C04F79EFBC}") = "PaymentLink.Infrastructure", "PaymentLink.Infrastructure\PaymentLink.Infrastructure.csproj", "{61E7485D-0146-49B9-9D05-59B16F2E07D6}"
EndProject
Project("{2150E333-8FDC-42A3-9474-1A3956D46DE8}") = "Checkout", "Checkout", "{7F41F837-45B3-4F86-BC85-B7162D2DB3E8}"
EndProject
Project("{FAE04EC0-301F-11D3-BF4B-00C04F79EFBC}") = "Checkout.API", "Checkout.API\Checkout.API.csproj", "{91FA0301-E7D9-4F27-A5E5-26B9564AE75B}"
EndProject
Project("{FAE04EC0-301F-11D3-BF4B-00C04F79EFBC}") = "Checkout.Application", "Checkout.Application\Checkout.Application.csproj", "{6CC20742-0A21-4472-B204-1A4D277F1ADF}"
EndProject
Global
	GlobalSection(SolutionConfigurationPlatforms) = preSolution
		Debug|Any CPU = Debug|Any CPU
		Release|Any CPU = Release|Any CPU
	EndGlobalSection
	GlobalSection(ProjectConfigurationPlatforms) = postSolution
		{C63B5CD2-6FD6-44BB-A880-88ADED5FBF2C}.Debug|Any CPU.ActiveCfg = Debug|Any CPU
		{C63B5CD2-6FD6-44BB-A880-88ADED5FBF2C}.Debug|Any CPU.Build.0 = Debug|Any CPU
		{C63B5CD2-6FD6-44BB-A880-88ADED5FBF2C}.Release|Any CPU.ActiveCfg = Release|Any CPU
		{C63B5CD2-6FD6-44BB-A880-88ADED5FBF2C}.Release|Any CPU.Build.0 = Release|Any CPU
		{004C9A61-B700-4E98-84E6-889D8BB72603}.Debug|Any CPU.ActiveCfg = Debug|Any CPU
		{004C9A61-B700-4E98-84E6-889D8BB72603}.Debug|Any CPU.Build.0 = Debug|Any CPU
		{004C9A61-B700-4E98-84E6-889D8BB72603}.Release|Any CPU.ActiveCfg = Release|Any CPU
		{004C9A61-B700-4E98-84E6-889D8BB72603}.Release|Any CPU.Build.0 = Release|Any CPU
		{3D10C047-F3DA-40DD-906C-37C9957A457C}.Debug|Any CPU.ActiveCfg = Debug|Any CPU
		{3D10C047-F3DA-40DD-906C-37C9957A457C}.Debug|Any CPU.Build.0 = Debug|Any CPU
		{3D10C047-F3DA-40DD-906C-37C9957A457C}.Release|Any CPU.ActiveCfg = Release|Any CPU
		{3D10C047-F3DA-40DD-906C-37C9957A457C}.Release|Any CPU.Build.0 = Release|Any CPU
		{67B28ECB-856B-4D37-BEB3-A97DB62E0DC6}.Debug|Any CPU.ActiveCfg = Debug|Any CPU
		{67B28ECB-856B-4D37-BEB3-A97DB62E0DC6}.Debug|Any CPU.Build.0 = Debug|Any CPU
		{67B28ECB-856B-4D37-BEB3-A97DB62E0DC6}.Release|Any CPU.ActiveCfg = Release|Any CPU
		{67B28ECB-856B-4D37-BEB3-A97DB62E0DC6}.Release|Any CPU.Build.0 = Release|Any CPU
		{0FB77729-F660-496F-A4DA-46ACE7EFF3A1}.Debug|Any CPU.ActiveCfg = Debug|Any CPU
		{0FB77729-F660-496F-A4DA-46ACE7EFF3A1}.Debug|Any CPU.Build.0 = Debug|Any CPU
		{0FB77729-F660-496F-A4DA-46ACE7EFF3A1}.Release|Any CPU.ActiveCfg = Release|Any CPU
		{0FB77729-F660-496F-A4DA-46ACE7EFF3A1}.Release|Any CPU.Build.0 = Release|Any CPU
		{18C80CA5-D9C7-460F-B9DF-998A2BE7E6FB}.Debug|Any CPU.ActiveCfg = Debug|Any CPU
		{18C80CA5-D9C7-460F-B9DF-998A2BE7E6FB}.Debug|Any CPU.Build.0 = Debug|Any CPU
		{18C80CA5-D9C7-460F-B9DF-998A2BE7E6FB}.Release|Any CPU.ActiveCfg = Release|Any CPU
		{18C80CA5-D9C7-460F-B9DF-998A2BE7E6FB}.Release|Any CPU.Build.0 = Release|Any CPU
		{63293419-3BD9-4970-B1AC-15FC7CBC66FD}.Debug|Any CPU.ActiveCfg = Debug|Any CPU
		{63293419-3BD9-4970-B1AC-15FC7CBC66FD}.Debug|Any CPU.Build.0 = Debug|Any CPU
		{63293419-3BD9-4970-B1AC-15FC7CBC66FD}.Release|Any CPU.ActiveCfg = Release|Any CPU
		{63293419-3BD9-4970-B1AC-15FC7CBC66FD}.Release|Any CPU.Build.0 = Release|Any CPU
		{8A8F30E0-6232-4AAF-944C-8698BA7C4EF3}.Debug|Any CPU.ActiveCfg = Debug|Any CPU
		{8A8F30E0-6232-4AAF-944C-8698BA7C4EF3}.Debug|Any CPU.Build.0 = Debug|Any CPU
		{8A8F30E0-6232-4AAF-944C-8698BA7C4EF3}.Release|Any CPU.ActiveCfg = Release|Any CPU
		{8A8F30E0-6232-4AAF-944C-8698BA7C4EF3}.Release|Any CPU.Build.0 = Release|Any CPU
		{F60A1D34-3A7B-4653-A4DF-008D59E90283}.Debug|Any CPU.ActiveCfg = Debug|Any CPU
		{F60A1D34-3A7B-4653-A4DF-008D59E90283}.Debug|Any CPU.Build.0 = Debug|Any CPU
		{F60A1D34-3A7B-4653-A4DF-008D59E90283}.Release|Any CPU.ActiveCfg = Release|Any CPU
		{F60A1D34-3A7B-4653-A4DF-008D59E90283}.Release|Any CPU.Build.0 = Release|Any CPU
		{99E01110-703C-455E-A606-34302C09CECB}.Debug|Any CPU.ActiveCfg = Debug|Any CPU
		{99E01110-703C-455E-A606-34302C09CECB}.Debug|Any CPU.Build.0 = Debug|Any CPU
		{99E01110-703C-455E-A606-34302C09CECB}.Release|Any CPU.ActiveCfg = Release|Any CPU
		{99E01110-703C-455E-A606-34302C09CECB}.Release|Any CPU.Build.0 = Release|Any CPU
		{3058D888-8621-4F4A-9BF0-1C4E408E7A97}.Debug|Any CPU.ActiveCfg = Debug|Any CPU
		{3058D888-8621-4F4A-9BF0-1C4E408E7A97}.Debug|Any CPU.Build.0 = Debug|Any CPU
		{3058D888-8621-4F4A-9BF0-1C4E408E7A97}.Release|Any CPU.ActiveCfg = Release|Any CPU
		{3058D888-8621-4F4A-9BF0-1C4E408E7A97}.Release|Any CPU.Build.0 = Release|Any CPU
		{9C30C438-766D-4010-8875-AA3851E4BC5B}.Debug|Any CPU.ActiveCfg = Debug|Any CPU
		{9C30C438-766D-4010-8875-AA3851E4BC5B}.Debug|Any CPU.Build.0 = Debug|Any CPU
		{9C30C438-766D-4010-8875-AA3851E4BC5B}.Release|Any CPU.ActiveCfg = Release|Any CPU
		{9C30C438-766D-4010-8875-AA3851E4BC5B}.Release|Any CPU.Build.0 = Release|Any CPU
		{7D0379E2-3AEC-4B90-97F5-51321C4378F8}.Debug|Any CPU.ActiveCfg = Debug|Any CPU
		{7D0379E2-3AEC-4B90-97F5-51321C4378F8}.Debug|Any CPU.Build.0 = Debug|Any CPU
		{7D0379E2-3AEC-4B90-97F5-51321C4378F8}.Release|Any CPU.ActiveCfg = Release|Any CPU
		{7D0379E2-3AEC-4B90-97F5-51321C4378F8}.Release|Any CPU.Build.0 = Release|Any CPU
		{FA61E33F-8EE9-49DC-A0D1-D6A9DEA1D313}.Debug|Any CPU.ActiveCfg = Debug|Any CPU
		{FA61E33F-8EE9-49DC-A0D1-D6A9DEA1D313}.Debug|Any CPU.Build.0 = Debug|Any CPU
		{FA61E33F-8EE9-49DC-A0D1-D6A9DEA1D313}.Release|Any CPU.ActiveCfg = Release|Any CPU
		{FA61E33F-8EE9-49DC-A0D1-D6A9DEA1D313}.Release|Any CPU.Build.0 = Release|Any CPU
		{1708E2F0-22A6-4FDE-90A6-0FDCE6D56C30}.Debug|Any CPU.ActiveCfg = Debug|Any CPU
		{1708E2F0-22A6-4FDE-90A6-0FDCE6D56C30}.Debug|Any CPU.Build.0 = Debug|Any CPU
		{1708E2F0-22A6-4FDE-90A6-0FDCE6D56C30}.Release|Any CPU.ActiveCfg = Release|Any CPU
		{1708E2F0-22A6-4FDE-90A6-0FDCE6D56C30}.Release|Any CPU.Build.0 = Release|Any CPU
		{81B2B241-569E-47EF-AFDA-2CBF21D29BF1}.Debug|Any CPU.ActiveCfg = Debug|Any CPU
		{81B2B241-569E-47EF-AFDA-2CBF21D29BF1}.Debug|Any CPU.Build.0 = Debug|Any CPU
		{81B2B241-569E-47EF-AFDA-2CBF21D29BF1}.Release|Any CPU.ActiveCfg = Release|Any CPU
		{81B2B241-569E-47EF-AFDA-2CBF21D29BF1}.Release|Any CPU.Build.0 = Release|Any CPU
		{D7FE4495-D2A4-4BB2-902E-FF0BA6AD4CC6}.Debug|Any CPU.ActiveCfg = Debug|Any CPU
		{D7FE4495-D2A4-4BB2-902E-FF0BA6AD4CC6}.Debug|Any CPU.Build.0 = Debug|Any CPU
		{D7FE4495-D2A4-4BB2-902E-FF0BA6AD4CC6}.Release|Any CPU.ActiveCfg = Release|Any CPU
		{D7FE4495-D2A4-4BB2-902E-FF0BA6AD4CC6}.Release|Any CPU.Build.0 = Release|Any CPU
		{7F874D48-0C70-42A9-A6CE-BB9D09129F2E}.Debug|Any CPU.ActiveCfg = Debug|Any CPU
		{7F874D48-0C70-42A9-A6CE-BB9D09129F2E}.Debug|Any CPU.Build.0 = Debug|Any CPU
		{7F874D48-0C70-42A9-A6CE-BB9D09129F2E}.Release|Any CPU.ActiveCfg = Release|Any CPU
		{7F874D48-0C70-42A9-A6CE-BB9D09129F2E}.Release|Any CPU.Build.0 = Release|Any CPU
		{F8C8604C-AF3F-4EFE-A484-F1A522F9818E}.Debug|Any CPU.ActiveCfg = Debug|Any CPU
		{F8C8604C-AF3F-4EFE-A484-F1A522F9818E}.Debug|Any CPU.Build.0 = Debug|Any CPU
		{F8C8604C-AF3F-4EFE-A484-F1A522F9818E}.Release|Any CPU.ActiveCfg = Release|Any CPU
		{F8C8604C-AF3F-4EFE-A484-F1A522F9818E}.Release|Any CPU.Build.0 = Release|Any CPU
		{9B4E35D6-3E64-468D-8C02-35A9E857E0EB}.Debug|Any CPU.ActiveCfg = Debug|Any CPU
		{9B4E35D6-3E64-468D-8C02-35A9E857E0EB}.Debug|Any CPU.Build.0 = Debug|Any CPU
		{9B4E35D6-3E64-468D-8C02-35A9E857E0EB}.Release|Any CPU.ActiveCfg = Release|Any CPU
		{9B4E35D6-3E64-468D-8C02-35A9E857E0EB}.Release|Any CPU.Build.0 = Release|Any CPU
		{D90AA72F-D62B-4C60-A047-741C50B0187C}.Debug|Any CPU.ActiveCfg = Debug|Any CPU
		{D90AA72F-D62B-4C60-A047-741C50B0187C}.Debug|Any CPU.Build.0 = Debug|Any CPU
		{D90AA72F-D62B-4C60-A047-741C50B0187C}.Release|Any CPU.ActiveCfg = Release|Any CPU
		{D90AA72F-D62B-4C60-A047-741C50B0187C}.Release|Any CPU.Build.0 = Release|Any CPU
		{89BACE4F-688D-4005-A84A-2D6D3B90733A}.Debug|Any CPU.ActiveCfg = Debug|Any CPU
		{89BACE4F-688D-4005-A84A-2D6D3B90733A}.Debug|Any CPU.Build.0 = Debug|Any CPU
		{89BACE4F-688D-4005-A84A-2D6D3B90733A}.Release|Any CPU.ActiveCfg = Release|Any CPU
		{89BACE4F-688D-4005-A84A-2D6D3B90733A}.Release|Any CPU.Build.0 = Release|Any CPU
		{61E7485D-0146-49B9-9D05-59B16F2E07D6}.Debug|Any CPU.ActiveCfg = Debug|Any CPU
		{61E7485D-0146-49B9-9D05-59B16F2E07D6}.Debug|Any CPU.Build.0 = Debug|Any CPU
		{61E7485D-0146-49B9-9D05-59B16F2E07D6}.Release|Any CPU.ActiveCfg = Release|Any CPU
		{61E7485D-0146-49B9-9D05-59B16F2E07D6}.Release|Any CPU.Build.0 = Release|Any CPU
		{91FA0301-E7D9-4F27-A5E5-26B9564AE75B}.Debug|Any CPU.ActiveCfg = Debug|Any CPU
		{91FA0301-E7D9-4F27-A5E5-26B9564AE75B}.Debug|Any CPU.Build.0 = Debug|Any CPU
		{91FA0301-E7D9-4F27-A5E5-26B9564AE75B}.Release|Any CPU.ActiveCfg = Release|Any CPU
		{91FA0301-E7D9-4F27-A5E5-26B9564AE75B}.Release|Any CPU.Build.0 = Release|Any CPU
		{6CC20742-0A21-4472-B204-1A4D277F1ADF}.Debug|Any CPU.ActiveCfg = Debug|Any CPU
		{6CC20742-0A21-4472-B204-1A4D277F1ADF}.Debug|Any CPU.Build.0 = Debug|Any CPU
		{6CC20742-0A21-4472-B204-1A4D277F1ADF}.Release|Any CPU.ActiveCfg = Release|Any CPU
		{6CC20742-0A21-4472-B204-1A4D277F1ADF}.Release|Any CPU.Build.0 = Release|Any CPU
	EndGlobalSection
	GlobalSection(NestedProjects) = preSolution
		{C63B5CD2-6FD6-44BB-A880-88ADED5FBF2C} = {47E563E8-0D8C-408F-A371-E69562E8E92A}
		{004C9A61-B700-4E98-84E6-889D8BB72603} = {47E563E8-0D8C-408F-A371-E69562E8E92A}
		{3D10C047-F3DA-40DD-906C-37C9957A457C} = {47E563E8-0D8C-408F-A371-E69562E8E92A}
		{67B28ECB-856B-4D37-BEB3-A97DB62E0DC6} = {47E563E8-0D8C-408F-A371-E69562E8E92A}
		{1F1DDEBD-04B5-4389-AC48-205605C9F83E} = {C7224646-8C0B-4847-B51D-6D8AF39AE477}
		{363F5C67-F68E-4657-A358-DEDF7946BC4E} = {C7224646-8C0B-4847-B51D-6D8AF39AE477}
		{47E563E8-0D8C-408F-A371-E69562E8E92A} = {363F5C67-F68E-4657-A358-DEDF7946BC4E}
		{5D8282F1-9F16-4353-901C-E2F68AA9A75F} = {C7224646-8C0B-4847-B51D-6D8AF39AE477}
		{0FB77729-F660-496F-A4DA-46ACE7EFF3A1} = {5D8282F1-9F16-4353-901C-E2F68AA9A75F}
		{18C80CA5-D9C7-460F-B9DF-998A2BE7E6FB} = {1F1DDEBD-04B5-4389-AC48-205605C9F83E}
		{DE16B46F-03EC-45A9-A92C-2000D3DB4C05} = {363F5C67-F68E-4657-A358-DEDF7946BC4E}
		{63293419-3BD9-4970-B1AC-15FC7CBC66FD} = {DE16B46F-03EC-45A9-A92C-2000D3DB4C05}
		{8A8F30E0-6232-4AAF-944C-8698BA7C4EF3} = {5D8282F1-9F16-4353-901C-E2F68AA9A75F}
		{F60A1D34-3A7B-4653-A4DF-008D59E90283} = {DE16B46F-03EC-45A9-A92C-2000D3DB4C05}
		{99E01110-703C-455E-A606-34302C09CECB} = {DE16B46F-03EC-45A9-A92C-2000D3DB4C05}
		{3058D888-8621-4F4A-9BF0-1C4E408E7A97} = {DE16B46F-03EC-45A9-A92C-2000D3DB4C05}
		{9B75EEE0-97AE-4168-BD4F-60CB6DA59FC1} = {363F5C67-F68E-4657-A358-DEDF7946BC4E}
		{9C30C438-766D-4010-8875-AA3851E4BC5B} = {9B75EEE0-97AE-4168-BD4F-60CB6DA59FC1}
		{7D0379E2-3AEC-4B90-97F5-51321C4378F8} = {9B75EEE0-97AE-4168-BD4F-60CB6DA59FC1}
		{FA61E33F-8EE9-49DC-A0D1-D6A9DEA1D313} = {9B75EEE0-97AE-4168-BD4F-60CB6DA59FC1}
		{1708E2F0-22A6-4FDE-90A6-0FDCE6D56C30} = {9B75EEE0-97AE-4168-BD4F-60CB6DA59FC1}
		{FCC2CCAA-5AFB-41FF-BD6F-28D5F932DC92} = {363F5C67-F68E-4657-A358-DEDF7946BC4E}
		{81B2B241-569E-47EF-AFDA-2CBF21D29BF1} = {FCC2CCAA-5AFB-41FF-BD6F-28D5F932DC92}
		{D7FE4495-D2A4-4BB2-902E-FF0BA6AD4CC6} = {FCC2CCAA-5AFB-41FF-BD6F-28D5F932DC92}
		{7F874D48-0C70-42A9-A6CE-BB9D09129F2E} = {FCC2CCAA-5AFB-41FF-BD6F-28D5F932DC92}
		{F8C8604C-AF3F-4EFE-A484-F1A522F9818E} = {FCC2CCAA-5AFB-41FF-BD6F-28D5F932DC92}
		{6D804288-0B05-4FCB-B8D4-80D99F797180} = {363F5C67-F68E-4657-A358-DEDF7946BC4E}
		{9B4E35D6-3E64-468D-8C02-35A9E857E0EB} = {6D804288-0B05-4FCB-B8D4-80D99F797180}
		{D90AA72F-D62B-4C60-A047-741C50B0187C} = {6D804288-0B05-4FCB-B8D4-80D99F797180}
		{89BACE4F-688D-4005-A84A-2D6D3B90733A} = {6D804288-0B05-4FCB-B8D4-80D99F797180}
		{61E7485D-0146-49B9-9D05-59B16F2E07D6} = {6D804288-0B05-4FCB-B8D4-80D99F797180}
		{7F41F837-45B3-4F86-BC85-B7162D2DB3E8} = {363F5C67-F68E-4657-A358-DEDF7946BC4E}
		{91FA0301-E7D9-4F27-A5E5-26B9564AE75B} = {7F41F837-45B3-4F86-BC85-B7162D2DB3E8}
		{6CC20742-0A21-4472-B204-1A4D277F1ADF} = {7F41F837-45B3-4F86-BC85-B7162D2DB3E8}
	EndGlobalSection
EndGlobal
