
Microsoft Visual Studio Solution File, Format Version 12.00
Project("{FAE04EC0-301F-11D3-BF4B-00C04F79EFBC}") = "Customers.API", "Customers.API\Customers.API.csproj", "{C63B5CD2-6FD6-44BB-A880-88ADED5FBF2C}"
EndProject
Project("{2150E333-8FDC-42A3-9474-1A3956D46DE8}") = "Customers", "Customers", "{47E563E8-0D8C-408F-A371-E69562E8E92A}"
EndProject
Project("{FAE04EC0-301F-11D3-BF4B-00C04F79EFBC}") = "Customers.Domain", "Customers.Domain\Customers.Domain.csproj", "{004C9A61-B700-4E98-84E6-889D8BB72603}"
EndProject
Project("{FAE04EC0-301F-11D3-BF4B-00C04F79EFBC}") = "Customers.Application", "Customers.Application\Customers.Application.csproj", "{3D10C047-F3DA-40DD-906C-37C9957A457C}"
EndProject
Project("{FAE04EC0-301F-11D3-BF4B-00C04F79EFBC}") = "Customers.Infrastructure", "Customers.Infrastructure\Customers.Infrastructure.csproj", "{67B28ECB-856B-4D37-BEB3-A97DB62E0DC6}"
EndProject
Project("{FAE04EC0-301F-11D3-BF4B-00C04F79EFBC}") = "Shared.Kernel", "Shared.Kernel\Shared.Kernel.csproj", "{0FB77729-F660-496F-A4DA-46ACE7EFF3A1}"
EndProject
Project("{2150E333-8FDC-42A3-9474-1A3956D46DE8}") = "src", "src", "{C7224646-8C0B-4847-B51D-6D8AF39AE477}"
EndProject
Project("{2150E333-8FDC-42A3-9474-1A3956D46DE8}") = "Gateway", "Gateway", "{1F1DDEBD-04B5-4389-AC48-205605C9F83E}"
EndProject
Project("{2150E333-8FDC-42A3-9474-1A3956D46DE8}") = "Services", "Services", "{363F5C67-F68E-4657-A358-DEDF7946BC4E}"
EndProject
Project("{2150E333-8FDC-42A3-9474-1A3956D46DE8}") = "Shared", "Shared", "{5D8282F1-9F16-4353-901C-E2F68AA9A75F}"
EndProject
Project("{FAE04EC0-301F-11D3-BF4B-00C04F79EFBC}") = "Gateway.API", "Gateway.API\Gateway.API.csproj", "{18C80CA5-D9C7-460F-B9DF-998A2BE7E6FB}"
EndProject
Project("{2150E333-8FDC-42A3-9474-1A3956D46DE8}") = "Auth", "Auth", "{DE16B46F-03EC-45A9-A92C-2000D3DB4C05}"
EndProject
Project("{FAE04EC0-301F-11D3-BF4B-00C04F79EFBC}") = "Auth.API", "Auth.API\Auth.API.csproj", "{63293419-3BD9-4970-B1AC-15FC7CBC66FD}"
EndProject
Project("{FAE04EC0-301F-11D3-BF4B-00C04F79EFBC}") = "Shared.Infrastructure", "Shared.Infrastructure\Shared.Infrastructure.csproj", "{8A8F30E0-6232-4AAF-944C-8698BA7C4EF3}"
EndProject
Project("{FAE04EC0-301F-11D3-BF4B-00C04F79EFBC}") = "Auth.Application", "Auth.Application\Auth.Application.csproj", "{F60A1D34-3A7B-4653-A4DF-008D59E90283}"
EndProject
Project("{FAE04EC0-301F-11D3-BF4B-00C04F79EFBC}") = "Auth.Infrastructure", "Auth.Infrastructure\Auth.Infrastructure.csproj", "{99E01110-703C-455E-A606-34302C09CECB}"
EndProject
Project("{FAE04EC0-301F-11D3-BF4B-00C04F79EFBC}") = "Auth.Domain", "Auth.Domain\Auth.Domain.csproj", "{3058D888-8621-4F4A-9BF0-1C4E408E7A97}"
EndProject
Project("{2150E333-8FDC-42A3-9474-1A3956D46DE8}") = "Catalog", "Catalog", "{9B75EEE0-97AE-4168-BD4F-60CB6DA59FC1}"
EndProject
Project("{FAE04EC0-301F-11D3-BF4B-00C04F79EFBC}") = "Catalog.API", "Catalog.API\Catalog.API.csproj", "{9C30C438-766D-4010-8875-AA3851E4BC5B}"
EndProject
Project("{FAE04EC0-301F-11D3-BF4B-00C04F79EFBC}") = "Catalog.Application", "Catalog.Application\Catalog.Application.csproj", "{7D0379E2-3AEC-4B90-97F5-51321C4378F8}"
EndProject
Project("{FAE04EC0-301F-11D3-BF4B-00C04F79EFBC}") = "Catalog.Infrastructure", "Catalog.Infrastructure\Catalog.Infrastructure.csproj", "{FA61E33F-8EE9-49DC-A0D1-D6A9DEA1D313}"
EndProject
Project("{FAE04EC0-301F-11D3-BF4B-00C04F79EFBC}") = "Catalog.Domain", "Catalog.Domain\Catalog.Domain.csproj", "{1708E2F0-22A6-4FDE-90A6-0FDCE6D56C30}"
EndProject
Global
	GlobalSection(SolutionConfigurationPlatforms) = preSolution
		Debug|Any CPU = Debug|Any CPU
		Release|Any CPU = Release|Any CPU
	EndGlobalSection
	GlobalSection(ProjectConfigurationPlatforms) = postSolution
		{C63B5CD2-6FD6-44BB-A880-88ADED5FBF2C}.Debug|Any CPU.ActiveCfg = Debug|Any CPU
		{C63B5CD2-6FD6-44BB-A880-88ADED5FBF2C}.Debug|Any CPU.Build.0 = Debug|Any CPU
		{C63B5CD2-6FD6-44BB-A880-88ADED5FBF2C}.Release|Any CPU.ActiveCfg = Release|Any CPU
		{C63B5CD2-6FD6-44BB-A880-88ADED5FBF2C}.Release|Any CPU.Build.0 = Release|Any CPU
		{004C9A61-B700-4E98-84E6-889D8BB72603}.Debug|Any CPU.ActiveCfg = Debug|Any CPU
		{004C9A61-B700-4E98-84E6-889D8BB72603}.Debug|Any CPU.Build.0 = Debug|Any CPU
		{004C9A61-B700-4E98-84E6-889D8BB72603}.Release|Any CPU.ActiveCfg = Release|Any CPU
		{004C9A61-B700-4E98-84E6-889D8BB72603}.Release|Any CPU.Build.0 = Release|Any CPU
		{3D10C047-F3DA-40DD-906C-37C9957A457C}.Debug|Any CPU.ActiveCfg = Debug|Any CPU
		{3D10C047-F3DA-40DD-906C-37C9957A457C}.Debug|Any CPU.Build.0 = Debug|Any CPU
		{3D10C047-F3DA-40DD-906C-37C9957A457C}.Release|Any CPU.ActiveCfg = Release|Any CPU
		{3D10C047-F3DA-40DD-906C-37C9957A457C}.Release|Any CPU.Build.0 = Release|Any CPU
		{67B28ECB-856B-4D37-BEB3-A97DB62E0DC6}.Debug|Any CPU.ActiveCfg = Debug|Any CPU
		{67B28ECB-856B-4D37-BEB3-A97DB62E0DC6}.Debug|Any CPU.Build.0 = Debug|Any CPU
		{67B28ECB-856B-4D37-BEB3-A97DB62E0DC6}.Release|Any CPU.ActiveCfg = Release|Any CPU
		{67B28ECB-856B-4D37-BEB3-A97DB62E0DC6}.Release|Any CPU.Build.0 = Release|Any CPU
		{0FB77729-F660-496F-A4DA-46ACE7EFF3A1}.Debug|Any CPU.ActiveCfg = Debug|Any CPU
		{0FB77729-F660-496F-A4DA-46ACE7EFF3A1}.Debug|Any CPU.Build.0 = Debug|Any CPU
		{0FB77729-F660-496F-A4DA-46ACE7EFF3A1}.Release|Any CPU.ActiveCfg = Release|Any CPU
		{0FB77729-F660-496F-A4DA-46ACE7EFF3A1}.Release|Any CPU.Build.0 = Release|Any CPU
		{18C80CA5-D9C7-460F-B9DF-998A2BE7E6FB}.Debug|Any CPU.ActiveCfg = Debug|Any CPU
		{18C80CA5-D9C7-460F-B9DF-998A2BE7E6FB}.Debug|Any CPU.Build.0 = Debug|Any CPU
		{18C80CA5-D9C7-460F-B9DF-998A2BE7E6FB}.Release|Any CPU.ActiveCfg = Release|Any CPU
		{18C80CA5-D9C7-460F-B9DF-998A2BE7E6FB}.Release|Any CPU.Build.0 = Release|Any CPU
		{63293419-3BD9-4970-B1AC-15FC7CBC66FD}.Debug|Any CPU.ActiveCfg = Debug|Any CPU
		{63293419-3BD9-4970-B1AC-15FC7CBC66FD}.Debug|Any CPU.Build.0 = Debug|Any CPU
		{63293419-3BD9-4970-B1AC-15FC7CBC66FD}.Release|Any CPU.ActiveCfg = Release|Any CPU
		{63293419-3BD9-4970-B1AC-15FC7CBC66FD}.Release|Any CPU.Build.0 = Release|Any CPU
		{8A8F30E0-6232-4AAF-944C-8698BA7C4EF3}.Debug|Any CPU.ActiveCfg = Debug|Any CPU
		{8A8F30E0-6232-4AAF-944C-8698BA7C4EF3}.Debug|Any CPU.Build.0 = Debug|Any CPU
		{8A8F30E0-6232-4AAF-944C-8698BA7C4EF3}.Release|Any CPU.ActiveCfg = Release|Any CPU
		{8A8F30E0-6232-4AAF-944C-8698BA7C4EF3}.Release|Any CPU.Build.0 = Release|Any CPU
		{F60A1D34-3A7B-4653-A4DF-008D59E90283}.Debug|Any CPU.ActiveCfg = Debug|Any CPU
		{F60A1D34-3A7B-4653-A4DF-008D59E90283}.Debug|Any CPU.Build.0 = Debug|Any CPU
		{F60A1D34-3A7B-4653-A4DF-008D59E90283}.Release|Any CPU.ActiveCfg = Release|Any CPU
		{F60A1D34-3A7B-4653-A4DF-008D59E90283}.Release|Any CPU.Build.0 = Release|Any CPU
		{99E01110-703C-455E-A606-34302C09CECB}.Debug|Any CPU.ActiveCfg = Debug|Any CPU
		{99E01110-703C-455E-A606-34302C09CECB}.Debug|Any CPU.Build.0 = Debug|Any CPU
		{99E01110-703C-455E-A606-34302C09CECB}.Release|Any CPU.ActiveCfg = Release|Any CPU
		{99E01110-703C-455E-A606-34302C09CECB}.Release|Any CPU.Build.0 = Release|Any CPU
		{3058D888-8621-4F4A-9BF0-1C4E408E7A97}.Debug|Any CPU.ActiveCfg = Debug|Any CPU
		{3058D888-8621-4F4A-9BF0-1C4E408E7A97}.Debug|Any CPU.Build.0 = Debug|Any CPU
		{3058D888-8621-4F4A-9BF0-1C4E408E7A97}.Release|Any CPU.ActiveCfg = Release|Any CPU
		{3058D888-8621-4F4A-9BF0-1C4E408E7A97}.Release|Any CPU.Build.0 = Release|Any CPU
		{9C30C438-766D-4010-8875-AA3851E4BC5B}.Debug|Any CPU.ActiveCfg = Debug|Any CPU
		{9C30C438-766D-4010-8875-AA3851E4BC5B}.Debug|Any CPU.Build.0 = Debug|Any CPU
		{9C30C438-766D-4010-8875-AA3851E4BC5B}.Release|Any CPU.ActiveCfg = Release|Any CPU
		{9C30C438-766D-4010-8875-AA3851E4BC5B}.Release|Any CPU.Build.0 = Release|Any CPU
		{7D0379E2-3AEC-4B90-97F5-51321C4378F8}.Debug|Any CPU.ActiveCfg = Debug|Any CPU
		{7D0379E2-3AEC-4B90-97F5-51321C4378F8}.Debug|Any CPU.Build.0 = Debug|Any CPU
		{7D0379E2-3AEC-4B90-97F5-51321C4378F8}.Release|Any CPU.ActiveCfg = Release|Any CPU
		{7D0379E2-3AEC-4B90-97F5-51321C4378F8}.Release|Any CPU.Build.0 = Release|Any CPU
		{FA61E33F-8EE9-49DC-A0D1-D6A9DEA1D313}.Debug|Any CPU.ActiveCfg = Debug|Any CPU
		{FA61E33F-8EE9-49DC-A0D1-D6A9DEA1D313}.Debug|Any CPU.Build.0 = Debug|Any CPU
		{FA61E33F-8EE9-49DC-A0D1-D6A9DEA1D313}.Release|Any CPU.ActiveCfg = Release|Any CPU
		{FA61E33F-8EE9-49DC-A0D1-D6A9DEA1D313}.Release|Any CPU.Build.0 = Release|Any CPU
		{1708E2F0-22A6-4FDE-90A6-0FDCE6D56C30}.Debug|Any CPU.ActiveCfg = Debug|Any CPU
		{1708E2F0-22A6-4FDE-90A6-0FDCE6D56C30}.Debug|Any CPU.Build.0 = Debug|Any CPU
		{1708E2F0-22A6-4FDE-90A6-0FDCE6D56C30}.Release|Any CPU.ActiveCfg = Release|Any CPU
		{1708E2F0-22A6-4FDE-90A6-0FDCE6D56C30}.Release|Any CPU.Build.0 = Release|Any CPU
	EndGlobalSection
	GlobalSection(NestedProjects) = preSolution
		{C63B5CD2-6FD6-44BB-A880-88ADED5FBF2C} = {47E563E8-0D8C-408F-A371-E69562E8E92A}
		{004C9A61-B700-4E98-84E6-889D8BB72603} = {47E563E8-0D8C-408F-A371-E69562E8E92A}
		{3D10C047-F3DA-40DD-906C-37C9957A457C} = {47E563E8-0D8C-408F-A371-E69562E8E92A}
		{67B28ECB-856B-4D37-BEB3-A97DB62E0DC6} = {47E563E8-0D8C-408F-A371-E69562E8E92A}
		{1F1DDEBD-04B5-4389-AC48-205605C9F83E} = {C7224646-8C0B-4847-B51D-6D8AF39AE477}
		{363F5C67-F68E-4657-A358-DEDF7946BC4E} = {C7224646-8C0B-4847-B51D-6D8AF39AE477}
		{47E563E8-0D8C-408F-A371-E69562E8E92A} = {363F5C67-F68E-4657-A358-DEDF7946BC4E}
		{5D8282F1-9F16-4353-901C-E2F68AA9A75F} = {C7224646-8C0B-4847-B51D-6D8AF39AE477}
		{0FB77729-F660-496F-A4DA-46ACE7EFF3A1} = {5D8282F1-9F16-4353-901C-E2F68AA9A75F}
		{18C80CA5-D9C7-460F-B9DF-998A2BE7E6FB} = {1F1DDEBD-04B5-4389-AC48-205605C9F83E}
		{DE16B46F-03EC-45A9-A92C-2000D3DB4C05} = {363F5C67-F68E-4657-A358-DEDF7946BC4E}
		{63293419-3BD9-4970-B1AC-15FC7CBC66FD} = {DE16B46F-03EC-45A9-A92C-2000D3DB4C05}
		{8A8F30E0-6232-4AAF-944C-8698BA7C4EF3} = {5D8282F1-9F16-4353-901C-E2F68AA9A75F}
		{F60A1D34-3A7B-4653-A4DF-008D59E90283} = {DE16B46F-03EC-45A9-A92C-2000D3DB4C05}
		{99E01110-703C-455E-A606-34302C09CECB} = {DE16B46F-03EC-45A9-A92C-2000D3DB4C05}
		{3058D888-8621-4F4A-9BF0-1C4E408E7A97} = {DE16B46F-03EC-45A9-A92C-2000D3DB4C05}
		{9B75EEE0-97AE-4168-BD4F-60CB6DA59FC1} = {363F5C67-F68E-4657-A358-DEDF7946BC4E}
		{9C30C438-766D-4010-8875-AA3851E4BC5B} = {9B75EEE0-97AE-4168-BD4F-60CB6DA59FC1}
		{7D0379E2-3AEC-4B90-97F5-51321C4378F8} = {9B75EEE0-97AE-4168-BD4F-60CB6DA59FC1}
		{FA61E33F-8EE9-49DC-A0D1-D6A9DEA1D313} = {9B75EEE0-97AE-4168-BD4F-60CB6DA59FC1}
		{1708E2F0-22A6-4FDE-90A6-0FDCE6D56C30} = {9B75EEE0-97AE-4168-BD4F-60CB6DA59FC1}
	EndGlobalSection
EndGlobal
