
Microsoft Visual Studio Solution File, Format Version 12.00
Project("{FAE04EC0-301F-11D3-BF4B-00C04F79EFBC}") = "Gateway.API", "src\Gateway\Gateway.API\Gateway.API.csproj", "{4C894B67-15BE-4CC8-BC8C-AA1DA9F21BF8}"
EndProject
Project("{FAE04EC0-301F-11D3-BF4B-00C04F79EFBC}") = "Shared.Kernel", "src\Shared\Shared.Kernel\Shared.Kernel.csproj", "{F3EE938B-2309-4225-AA8B-E6E567763CE9}"
EndProject
Project("{FAE04EC0-301F-11D3-BF4B-00C04F79EFBC}") = "Shared.Infrastructure", "src\Shared\Shared.Infrastructure\Shared.Infrastructure.csproj", "{EBE05EC0-4D54-4CD0-B300-1838A8A4858D}"
EndProject
Project("{FAE04EC0-301F-11D3-BF4B-00C04F79EFBC}") = "Auth.API", "src\Services\Auth\Auth.API\Auth.API.csproj", "{D6E13B18-330F-4071-8230-95E8FD2E6DD6}"
EndProject
Project("{FAE04EC0-301F-11D3-BF4B-00C04F79EFBC}") = "Auth.Application", "src\Services\Auth\Auth.Application\Auth.Application.csproj", "{C7F46043-C709-4E8F-BB26-4B21A89A67CA}"
EndProject
Project("{FAE04EC0-301F-11D3-BF4B-00C04F79EFBC}") = "Auth.Domain", "src\Services\Auth\Auth.Domain\Auth.Domain.csproj", "{44A8D044-5D86-4BE2-BD5D-BCF131A11516}"
EndProject
Project("{FAE04EC0-301F-11D3-BF4B-00C04F79EFBC}") = "Auth.Infrastructure", "src\Services\Auth\Auth.Infrastructure\Auth.Infrastructure.csproj", "{415747D1-ECA6-41D4-B850-129D257B5A44}"
EndProject
Project("{FAE04EC0-301F-11D3-BF4B-00C04F79EFBC}") = "Billing.API", "src\Services\Billing\Billing.API\Billing.API.csproj", "{5FAA2C69-E783-4E54-8DD4-9E72668091B8}"
EndProject
Project("{FAE04EC0-301F-11D3-BF4B-00C04F79EFBC}") = "Billing.Application", "src\Services\Billing\Billing.Application\Billing.Application.csproj", "{999B6897-C8EE-4B5C-9E80-8EB5A3754056}"
EndProject
Project("{FAE04EC0-301F-11D3-BF4B-00C04F79EFBC}") = "Billing.Domain", "src\Services\Billing\Billing.Domain\Billing.Domain.csproj", "{08C280DC-2A41-4FFB-B988-708D60A08F67}"
EndProject
Project("{FAE04EC0-301F-11D3-BF4B-00C04F79EFBC}") = "Billing.Infrastructure", "src\Services\Billing\Billing.Infrastructure\Billing.Infrastructure.csproj", "{D28EB9F3-14B5-4D07-8309-946C906B7607}"
EndProject
Project("{FAE04EC0-301F-11D3-BF4B-00C04F79EFBC}") = "Catalog.API", "src\Services\Catalog\Catalog.API\Catalog.API.csproj", "{016EA7BC-917F-45F5-88A9-D956E482F77E}"
EndProject
Project("{FAE04EC0-301F-11D3-BF4B-00C04F79EFBC}") = "Catalog.Application", "src\Services\Catalog\Catalog.Application\Catalog.Application.csproj", "{6D7B259C-5779-4D9C-A7AD-4B3BB651308A}"
EndProject
Project("{FAE04EC0-301F-11D3-BF4B-00C04F79EFBC}") = "Catalog.Domain", "src\Services\Catalog\Catalog.Domain\Catalog.Domain.csproj", "{CB3C5D46-9C71-418D-8D0B-DD476C03839C}"
EndProject
Project("{FAE04EC0-301F-11D3-BF4B-00C04F79EFBC}") = "Catalog.Infrastructure", "src\Services\Catalog\Catalog.Infrastructure\Catalog.Infrastructure.csproj", "{DA686864-1443-430B-B5F0-B8AD38FFEEE4}"
EndProject
Project("{FAE04EC0-301F-11D3-BF4B-00C04F79EFBC}") = "Checkout.API", "src\Services\Checkout\Checkout.API\Checkout.API.csproj", "{B5557EC9-64D7-4B9A-BDC9-7B76AAEC6502}"
EndProject
Project("{FAE04EC0-301F-11D3-BF4B-00C04F79EFBC}") = "Checkout.Application", "src\Services\Checkout\Checkout.Application\Checkout.Application.csproj", "{A56C979F-770F-41FE-A313-1B3317164745}"
EndProject
Project("{FAE04EC0-301F-11D3-BF4B-00C04F79EFBC}") = "Customer.API", "src\Services\Customer\Customer.API\Customer.API.csproj", "{77A38794-325C-45A0-9ADD-6C68A6B8A8A8}"
EndProject
Project("{FAE04EC0-301F-11D3-BF4B-00C04F79EFBC}") = "Customer.Application", "src\Services\Customer\Customer.Application\Customer.Application.csproj", "{ADB5D57B-B2FF-4A91-9B81-82ABB0E03884}"
EndProject
Project("{FAE04EC0-301F-11D3-BF4B-00C04F79EFBC}") = "Customer.Domain", "src\Services\Customer\Customer.Domain\Customer.Domain.csproj", "{9F471DB1-ED1C-4D89-8674-FD54C2A5DCF9}"
EndProject
Project("{FAE04EC0-301F-11D3-BF4B-00C04F79EFBC}") = "Customer.Infrastructure", "src\Services\Customer\Customer.Infrastructure\Customer.Infrastructure.csproj", "{A5811C88-40A5-4736-91CA-9E09F935DB91}"
EndProject
Project("{FAE04EC0-301F-11D3-BF4B-00C04F79EFBC}") = "PaymentLink.API", "src\Services\PaymentLink\PaymentLink.API\PaymentLink.API.csproj", "{58C65262-DE64-420E-8024-3761F092A2ED}"
EndProject
Project("{FAE04EC0-301F-11D3-BF4B-00C04F79EFBC}") = "PaymentLink.Application", "src\Services\PaymentLink\PaymentLink.Application\PaymentLink.Application.csproj", "{F6D34980-5338-4976-BB56-BCDA42B3841E}"
EndProject
Project("{FAE04EC0-301F-11D3-BF4B-00C04F79EFBC}") = "PaymentLink.Domain", "src\Services\PaymentLink\PaymentLink.Domain\PaymentLink.Domain.csproj", "{C48BA0C6-3C0C-4364-A32A-8DF5E3120468}"
EndProject
Project("{FAE04EC0-301F-11D3-BF4B-00C04F79EFBC}") = "PaymentLink.Infrastructure", "src\Services\PaymentLink\PaymentLink.Infrastructure\PaymentLink.Infrastructure.csproj", "{57086D43-BD38-4B15-A2F8-236181855540}"
EndProject
Project("{FAE04EC0-301F-11D3-BF4B-00C04F79EFBC}") = "Auth.Test", "src\Services\Auth\Auth.Test\Auth.Test.csproj", "{E1EE9B54-5C9D-40E2-A633-A36B393A5AE1}"
EndProject
Project("{FAE04EC0-301F-11D3-BF4B-00C04F79EFBC}") = "Catalog.Test", "src\Services\Catalog\Catalog.Test\Catalog.Test.csproj", "{688BE138-8002-477D-8C94-7842DD19A81B}"
EndProject
Project("{FAE04EC0-301F-11D3-BF4B-00C04F79EFBC}") = "Payment.API", "src\Services\Payment\Payment.API\Payment.API.csproj", "{605E2B3A-E64F-4161-BB39-F91FFE6E9CCC}"
EndProject
Project("{FAE04EC0-301F-11D3-BF4B-00C04F79EFBC}") = "Payment.Application", "src\Services\Payment\Payment.Application\Payment.Application.csproj", "{01553B55-AD6A-4FA6-AFAD-E575F61F5939}"
EndProject
Project("{FAE04EC0-301F-11D3-BF4B-00C04F79EFBC}") = "Checkout.Domain", "src\Services\Checkout\Checkout.Domain\Checkout.Domain.csproj", "{D56BA1FD-736F-4A49-9037-8F53B4052A31}"
EndProject
Project("{FAE04EC0-301F-11D3-BF4B-00C04F79EFBC}") = "Checkout.Infrastructure", "src\Services\Checkout\Checkout.Infrastructure\Checkout.Infrastructure.csproj", "{430BE3E5-9085-4FAB-BC4C-3F449730B0CB}"
EndProject
Project("{FAE04EC0-301F-11D3-BF4B-00C04F79EFBC}") = "Payment.Domain", "src\Services\Payment\Payment.Domain\Payment.Domain.csproj", "{44DB1DC4-F9C9-40D4-B40D-0D126F4160BC}"
EndProject
Project("{FAE04EC0-301F-11D3-BF4B-00C04F79EFBC}") = "Payment.Infrastructure", "src\Services\Payment\Payment.Infrastructure\Payment.Infrastructure.csproj", "{5B08EE1D-8A6A-49EC-B36A-710295FE1838}"
EndProject
Global
	GlobalSection(SolutionConfigurationPlatforms) = preSolution
		Debug|Any CPU = Debug|Any CPU
		Release|Any CPU = Release|Any CPU
	EndGlobalSection
	GlobalSection(ProjectConfigurationPlatforms) = postSolution
		{4C894B67-15BE-4CC8-BC8C-AA1DA9F21BF8}.Debug|Any CPU.ActiveCfg = Debug|Any CPU
		{4C894B67-15BE-4CC8-BC8C-AA1DA9F21BF8}.Debug|Any CPU.Build.0 = Debug|Any CPU
		{4C894B67-15BE-4CC8-BC8C-AA1DA9F21BF8}.Release|Any CPU.ActiveCfg = Release|Any CPU
		{4C894B67-15BE-4CC8-BC8C-AA1DA9F21BF8}.Release|Any CPU.Build.0 = Release|Any CPU
		{F3EE938B-2309-4225-AA8B-E6E567763CE9}.Debug|Any CPU.ActiveCfg = Debug|Any CPU
		{F3EE938B-2309-4225-AA8B-E6E567763CE9}.Debug|Any CPU.Build.0 = Debug|Any CPU
		{F3EE938B-2309-4225-AA8B-E6E567763CE9}.Release|Any CPU.ActiveCfg = Release|Any CPU
		{F3EE938B-2309-4225-AA8B-E6E567763CE9}.Release|Any CPU.Build.0 = Release|Any CPU
		{EBE05EC0-4D54-4CD0-B300-1838A8A4858D}.Debug|Any CPU.ActiveCfg = Debug|Any CPU
		{EBE05EC0-4D54-4CD0-B300-1838A8A4858D}.Debug|Any CPU.Build.0 = Debug|Any CPU
		{EBE05EC0-4D54-4CD0-B300-1838A8A4858D}.Release|Any CPU.ActiveCfg = Release|Any CPU
		{EBE05EC0-4D54-4CD0-B300-1838A8A4858D}.Release|Any CPU.Build.0 = Release|Any CPU
		{D6E13B18-330F-4071-8230-95E8FD2E6DD6}.Debug|Any CPU.ActiveCfg = Debug|Any CPU
		{D6E13B18-330F-4071-8230-95E8FD2E6DD6}.Debug|Any CPU.Build.0 = Debug|Any CPU
		{D6E13B18-330F-4071-8230-95E8FD2E6DD6}.Release|Any CPU.ActiveCfg = Release|Any CPU
		{D6E13B18-330F-4071-8230-95E8FD2E6DD6}.Release|Any CPU.Build.0 = Release|Any CPU
		{C7F46043-C709-4E8F-BB26-4B21A89A67CA}.Debug|Any CPU.ActiveCfg = Debug|Any CPU
		{C7F46043-C709-4E8F-BB26-4B21A89A67CA}.Debug|Any CPU.Build.0 = Debug|Any CPU
		{C7F46043-C709-4E8F-BB26-4B21A89A67CA}.Release|Any CPU.ActiveCfg = Release|Any CPU
		{C7F46043-C709-4E8F-BB26-4B21A89A67CA}.Release|Any CPU.Build.0 = Release|Any CPU
		{44A8D044-5D86-4BE2-BD5D-BCF131A11516}.Debug|Any CPU.ActiveCfg = Debug|Any CPU
		{44A8D044-5D86-4BE2-BD5D-BCF131A11516}.Debug|Any CPU.Build.0 = Debug|Any CPU
		{44A8D044-5D86-4BE2-BD5D-BCF131A11516}.Release|Any CPU.ActiveCfg = Release|Any CPU
		{44A8D044-5D86-4BE2-BD5D-BCF131A11516}.Release|Any CPU.Build.0 = Release|Any CPU
		{415747D1-ECA6-41D4-B850-129D257B5A44}.Debug|Any CPU.ActiveCfg = Debug|Any CPU
		{415747D1-ECA6-41D4-B850-129D257B5A44}.Debug|Any CPU.Build.0 = Debug|Any CPU
		{415747D1-ECA6-41D4-B850-129D257B5A44}.Release|Any CPU.ActiveCfg = Release|Any CPU
		{415747D1-ECA6-41D4-B850-129D257B5A44}.Release|Any CPU.Build.0 = Release|Any CPU
		{5FAA2C69-E783-4E54-8DD4-9E72668091B8}.Debug|Any CPU.ActiveCfg = Debug|Any CPU
		{5FAA2C69-E783-4E54-8DD4-9E72668091B8}.Debug|Any CPU.Build.0 = Debug|Any CPU
		{5FAA2C69-E783-4E54-8DD4-9E72668091B8}.Release|Any CPU.ActiveCfg = Release|Any CPU
		{5FAA2C69-E783-4E54-8DD4-9E72668091B8}.Release|Any CPU.Build.0 = Release|Any CPU
		{999B6897-C8EE-4B5C-9E80-8EB5A3754056}.Debug|Any CPU.ActiveCfg = Debug|Any CPU
		{999B6897-C8EE-4B5C-9E80-8EB5A3754056}.Debug|Any CPU.Build.0 = Debug|Any CPU
		{999B6897-C8EE-4B5C-9E80-8EB5A3754056}.Release|Any CPU.ActiveCfg = Release|Any CPU
		{999B6897-C8EE-4B5C-9E80-8EB5A3754056}.Release|Any CPU.Build.0 = Release|Any CPU
		{08C280DC-2A41-4FFB-B988-708D60A08F67}.Debug|Any CPU.ActiveCfg = Debug|Any CPU
		{08C280DC-2A41-4FFB-B988-708D60A08F67}.Debug|Any CPU.Build.0 = Debug|Any CPU
		{08C280DC-2A41-4FFB-B988-708D60A08F67}.Release|Any CPU.ActiveCfg = Release|Any CPU
		{08C280DC-2A41-4FFB-B988-708D60A08F67}.Release|Any CPU.Build.0 = Release|Any CPU
		{D28EB9F3-14B5-4D07-8309-946C906B7607}.Debug|Any CPU.ActiveCfg = Debug|Any CPU
		{D28EB9F3-14B5-4D07-8309-946C906B7607}.Debug|Any CPU.Build.0 = Debug|Any CPU
		{D28EB9F3-14B5-4D07-8309-946C906B7607}.Release|Any CPU.ActiveCfg = Release|Any CPU
		{D28EB9F3-14B5-4D07-8309-946C906B7607}.Release|Any CPU.Build.0 = Release|Any CPU
		{016EA7BC-917F-45F5-88A9-D956E482F77E}.Debug|Any CPU.ActiveCfg = Debug|Any CPU
		{016EA7BC-917F-45F5-88A9-D956E482F77E}.Debug|Any CPU.Build.0 = Debug|Any CPU
		{016EA7BC-917F-45F5-88A9-D956E482F77E}.Release|Any CPU.ActiveCfg = Release|Any CPU
		{016EA7BC-917F-45F5-88A9-D956E482F77E}.Release|Any CPU.Build.0 = Release|Any CPU
		{6D7B259C-5779-4D9C-A7AD-4B3BB651308A}.Debug|Any CPU.ActiveCfg = Debug|Any CPU
		{6D7B259C-5779-4D9C-A7AD-4B3BB651308A}.Debug|Any CPU.Build.0 = Debug|Any CPU
		{6D7B259C-5779-4D9C-A7AD-4B3BB651308A}.Release|Any CPU.ActiveCfg = Release|Any CPU
		{6D7B259C-5779-4D9C-A7AD-4B3BB651308A}.Release|Any CPU.Build.0 = Release|Any CPU
		{CB3C5D46-9C71-418D-8D0B-DD476C03839C}.Debug|Any CPU.ActiveCfg = Debug|Any CPU
		{CB3C5D46-9C71-418D-8D0B-DD476C03839C}.Debug|Any CPU.Build.0 = Debug|Any CPU
		{CB3C5D46-9C71-418D-8D0B-DD476C03839C}.Release|Any CPU.ActiveCfg = Release|Any CPU
		{CB3C5D46-9C71-418D-8D0B-DD476C03839C}.Release|Any CPU.Build.0 = Release|Any CPU
		{DA686864-1443-430B-B5F0-B8AD38FFEEE4}.Debug|Any CPU.ActiveCfg = Debug|Any CPU
		{DA686864-1443-430B-B5F0-B8AD38FFEEE4}.Debug|Any CPU.Build.0 = Debug|Any CPU
		{DA686864-1443-430B-B5F0-B8AD38FFEEE4}.Release|Any CPU.ActiveCfg = Release|Any CPU
		{DA686864-1443-430B-B5F0-B8AD38FFEEE4}.Release|Any CPU.Build.0 = Release|Any CPU
		{B5557EC9-64D7-4B9A-BDC9-7B76AAEC6502}.Debug|Any CPU.ActiveCfg = Debug|Any CPU
		{B5557EC9-64D7-4B9A-BDC9-7B76AAEC6502}.Debug|Any CPU.Build.0 = Debug|Any CPU
		{B5557EC9-64D7-4B9A-BDC9-7B76AAEC6502}.Release|Any CPU.ActiveCfg = Release|Any CPU
		{B5557EC9-64D7-4B9A-BDC9-7B76AAEC6502}.Release|Any CPU.Build.0 = Release|Any CPU
		{A56C979F-770F-41FE-A313-1B3317164745}.Debug|Any CPU.ActiveCfg = Debug|Any CPU
		{A56C979F-770F-41FE-A313-1B3317164745}.Debug|Any CPU.Build.0 = Debug|Any CPU
		{A56C979F-770F-41FE-A313-1B3317164745}.Release|Any CPU.ActiveCfg = Release|Any CPU
		{A56C979F-770F-41FE-A313-1B3317164745}.Release|Any CPU.Build.0 = Release|Any CPU
		{77A38794-325C-45A0-9ADD-6C68A6B8A8A8}.Debug|Any CPU.ActiveCfg = Debug|Any CPU
		{77A38794-325C-45A0-9ADD-6C68A6B8A8A8}.Debug|Any CPU.Build.0 = Debug|Any CPU
		{77A38794-325C-45A0-9ADD-6C68A6B8A8A8}.Release|Any CPU.ActiveCfg = Release|Any CPU
		{77A38794-325C-45A0-9ADD-6C68A6B8A8A8}.Release|Any CPU.Build.0 = Release|Any CPU
		{ADB5D57B-B2FF-4A91-9B81-82ABB0E03884}.Debug|Any CPU.ActiveCfg = Debug|Any CPU
		{ADB5D57B-B2FF-4A91-9B81-82ABB0E03884}.Debug|Any CPU.Build.0 = Debug|Any CPU
		{ADB5D57B-B2FF-4A91-9B81-82ABB0E03884}.Release|Any CPU.ActiveCfg = Release|Any CPU
		{ADB5D57B-B2FF-4A91-9B81-82ABB0E03884}.Release|Any CPU.Build.0 = Release|Any CPU
		{9F471DB1-ED1C-4D89-8674-FD54C2A5DCF9}.Debug|Any CPU.ActiveCfg = Debug|Any CPU
		{9F471DB1-ED1C-4D89-8674-FD54C2A5DCF9}.Debug|Any CPU.Build.0 = Debug|Any CPU
		{9F471DB1-ED1C-4D89-8674-FD54C2A5DCF9}.Release|Any CPU.ActiveCfg = Release|Any CPU
		{9F471DB1-ED1C-4D89-8674-FD54C2A5DCF9}.Release|Any CPU.Build.0 = Release|Any CPU
		{A5811C88-40A5-4736-91CA-9E09F935DB91}.Debug|Any CPU.ActiveCfg = Debug|Any CPU
		{A5811C88-40A5-4736-91CA-9E09F935DB91}.Debug|Any CPU.Build.0 = Debug|Any CPU
		{A5811C88-40A5-4736-91CA-9E09F935DB91}.Release|Any CPU.ActiveCfg = Release|Any CPU
		{A5811C88-40A5-4736-91CA-9E09F935DB91}.Release|Any CPU.Build.0 = Release|Any CPU
		{58C65262-DE64-420E-8024-3761F092A2ED}.Debug|Any CPU.ActiveCfg = Debug|Any CPU
		{58C65262-DE64-420E-8024-3761F092A2ED}.Debug|Any CPU.Build.0 = Debug|Any CPU
		{58C65262-DE64-420E-8024-3761F092A2ED}.Release|Any CPU.ActiveCfg = Release|Any CPU
		{58C65262-DE64-420E-8024-3761F092A2ED}.Release|Any CPU.Build.0 = Release|Any CPU
		{F6D34980-5338-4976-BB56-BCDA42B3841E}.Debug|Any CPU.ActiveCfg = Debug|Any CPU
		{F6D34980-5338-4976-BB56-BCDA42B3841E}.Debug|Any CPU.Build.0 = Debug|Any CPU
		{F6D34980-5338-4976-BB56-BCDA42B3841E}.Release|Any CPU.ActiveCfg = Release|Any CPU
		{F6D34980-5338-4976-BB56-BCDA42B3841E}.Release|Any CPU.Build.0 = Release|Any CPU
		{C48BA0C6-3C0C-4364-A32A-8DF5E3120468}.Debug|Any CPU.ActiveCfg = Debug|Any CPU
		{C48BA0C6-3C0C-4364-A32A-8DF5E3120468}.Debug|Any CPU.Build.0 = Debug|Any CPU
		{C48BA0C6-3C0C-4364-A32A-8DF5E3120468}.Release|Any CPU.ActiveCfg = Release|Any CPU
		{C48BA0C6-3C0C-4364-A32A-8DF5E3120468}.Release|Any CPU.Build.0 = Release|Any CPU
		{57086D43-BD38-4B15-A2F8-236181855540}.Debug|Any CPU.ActiveCfg = Debug|Any CPU
		{57086D43-BD38-4B15-A2F8-236181855540}.Debug|Any CPU.Build.0 = Debug|Any CPU
		{57086D43-BD38-4B15-A2F8-236181855540}.Release|Any CPU.ActiveCfg = Release|Any CPU
		{57086D43-BD38-4B15-A2F8-236181855540}.Release|Any CPU.Build.0 = Release|Any CPU
		{E1EE9B54-5C9D-40E2-A633-A36B393A5AE1}.Debug|Any CPU.ActiveCfg = Debug|Any CPU
		{E1EE9B54-5C9D-40E2-A633-A36B393A5AE1}.Debug|Any CPU.Build.0 = Debug|Any CPU
		{E1EE9B54-5C9D-40E2-A633-A36B393A5AE1}.Release|Any CPU.ActiveCfg = Release|Any CPU
		{E1EE9B54-5C9D-40E2-A633-A36B393A5AE1}.Release|Any CPU.Build.0 = Release|Any CPU
		{688BE138-8002-477D-8C94-7842DD19A81B}.Debug|Any CPU.ActiveCfg = Debug|Any CPU
		{688BE138-8002-477D-8C94-7842DD19A81B}.Debug|Any CPU.Build.0 = Debug|Any CPU
		{688BE138-8002-477D-8C94-7842DD19A81B}.Release|Any CPU.ActiveCfg = Release|Any CPU
		{688BE138-8002-477D-8C94-7842DD19A81B}.Release|Any CPU.Build.0 = Release|Any CPU
		{605E2B3A-E64F-4161-BB39-F91FFE6E9CCC}.Debug|Any CPU.ActiveCfg = Debug|Any CPU
		{605E2B3A-E64F-4161-BB39-F91FFE6E9CCC}.Debug|Any CPU.Build.0 = Debug|Any CPU
		{605E2B3A-E64F-4161-BB39-F91FFE6E9CCC}.Release|Any CPU.ActiveCfg = Release|Any CPU
		{605E2B3A-E64F-4161-BB39-F91FFE6E9CCC}.Release|Any CPU.Build.0 = Release|Any CPU
		{01553B55-AD6A-4FA6-AFAD-E575F61F5939}.Debug|Any CPU.ActiveCfg = Debug|Any CPU
		{01553B55-AD6A-4FA6-AFAD-E575F61F5939}.Debug|Any CPU.Build.0 = Debug|Any CPU
		{01553B55-AD6A-4FA6-AFAD-E575F61F5939}.Release|Any CPU.ActiveCfg = Release|Any CPU
		{01553B55-AD6A-4FA6-AFAD-E575F61F5939}.Release|Any CPU.Build.0 = Release|Any CPU
		{D56BA1FD-736F-4A49-9037-8F53B4052A31}.Debug|Any CPU.ActiveCfg = Debug|Any CPU
		{D56BA1FD-736F-4A49-9037-8F53B4052A31}.Debug|Any CPU.Build.0 = Debug|Any CPU
		{D56BA1FD-736F-4A49-9037-8F53B4052A31}.Release|Any CPU.ActiveCfg = Release|Any CPU
		{D56BA1FD-736F-4A49-9037-8F53B4052A31}.Release|Any CPU.Build.0 = Release|Any CPU
		{430BE3E5-9085-4FAB-BC4C-3F449730B0CB}.Debug|Any CPU.ActiveCfg = Debug|Any CPU
		{430BE3E5-9085-4FAB-BC4C-3F449730B0CB}.Debug|Any CPU.Build.0 = Debug|Any CPU
		{430BE3E5-9085-4FAB-BC4C-3F449730B0CB}.Release|Any CPU.ActiveCfg = Release|Any CPU
		{430BE3E5-9085-4FAB-BC4C-3F449730B0CB}.Release|Any CPU.Build.0 = Release|Any CPU
		{44DB1DC4-F9C9-40D4-B40D-0D126F4160BC}.Debug|Any CPU.ActiveCfg = Debug|Any CPU
		{44DB1DC4-F9C9-40D4-B40D-0D126F4160BC}.Debug|Any CPU.Build.0 = Debug|Any CPU
		{44DB1DC4-F9C9-40D4-B40D-0D126F4160BC}.Release|Any CPU.ActiveCfg = Release|Any CPU
		{44DB1DC4-F9C9-40D4-B40D-0D126F4160BC}.Release|Any CPU.Build.0 = Release|Any CPU
		{5B08EE1D-8A6A-49EC-B36A-710295FE1838}.Debug|Any CPU.ActiveCfg = Debug|Any CPU
		{5B08EE1D-8A6A-49EC-B36A-710295FE1838}.Debug|Any CPU.Build.0 = Debug|Any CPU
		{5B08EE1D-8A6A-49EC-B36A-710295FE1838}.Release|Any CPU.ActiveCfg = Release|Any CPU
		{5B08EE1D-8A6A-49EC-B36A-710295FE1838}.Release|Any CPU.Build.0 = Release|Any CPU
	EndGlobalSection
	GlobalSection(NestedProjects) = preSolution
	EndGlobalSection
EndGlobal
